
Microsoft Visual Studio Solution File, Format Version 12.00
# Visual Studio 2013
VisualStudioVersion = 12.0.31101.0
MinimumVisualStudioVersion = 10.0.40219.1
Project("{2150E333-8FDC-42A3-9474-1A3956D46DE8}") = "Engine", "Engine", "{F4966BA9-D8FD-4FCF-9B3A-EA654DCBA057}"
EndProject
Project("{2150E333-8FDC-42A3-9474-1A3956D46DE8}") = "Games", "Games", "{6E0DC3A8-ECE4-44A7-A6C3-4F2B83F8DE6A}"
EndProject
Project("{8BC9CEB8-8B4A-11D0-8D11-00A0C91BC942}") = "ProjectMishkan", "Intermediate\ProjectFiles\ProjectMishkan.vcxproj", "{B2363869-C888-4FA8-AB59-67BE4878EE67}"
EndProject
Project("{8BC9CEB8-8B4A-11D0-8D11-00A0C91BC942}") = "UE4", "Intermediate\ProjectFiles\UE4.vcxproj", "{B01BE103-8D83-4929-9037-981721C2D283}"
EndProject
Global
	GlobalSection(SolutionConfigurationPlatforms) = preSolution
		DebugGame Editor|Windows = DebugGame Editor|Windows
		DebugGame|Windows = DebugGame|Windows
		Development Editor|Windows = Development Editor|Windows
		Development|Windows = Development|Windows
		Shipping|Windows = Shipping|Windows
	EndGlobalSection
	GlobalSection(ProjectConfigurationPlatforms) = postSolution
		{B2363869-C888-4FA8-AB59-67BE4878EE67}.DebugGame Editor|Windows.ActiveCfg = DebugGame_Editor|x64
		{B2363869-C888-4FA8-AB59-67BE4878EE67}.DebugGame Editor|Windows.Build.0 = DebugGame_Editor|x64
		{B2363869-C888-4FA8-AB59-67BE4878EE67}.DebugGame|Windows.ActiveCfg = DebugGame_Game|x64
		{B2363869-C888-4FA8-AB59-67BE4878EE67}.DebugGame|Windows.Build.0 = DebugGame_Game|x64
		{B2363869-C888-4FA8-AB59-67BE4878EE67}.Development Editor|Windows.ActiveCfg = Development_Editor|x64
		{B2363869-C888-4FA8-AB59-67BE4878EE67}.Development Editor|Windows.Build.0 = Development_Editor|x64
		{B2363869-C888-4FA8-AB59-67BE4878EE67}.Development|Windows.ActiveCfg = Development_Game|x64
		{B2363869-C888-4FA8-AB59-67BE4878EE67}.Development|Windows.Build.0 = Development_Game|x64
		{B2363869-C888-4FA8-AB59-67BE4878EE67}.Shipping|Windows.ActiveCfg = Shipping_Game|Win32
		{B2363869-C888-4FA8-AB59-67BE4878EE67}.Shipping|Windows.Build.0 = Shipping_Game|Win32
		{B01BE103-8D83-4929-9037-981721C2D283}.DebugGame Editor|Windows.ActiveCfg = BuiltWithUnrealBuildTool|Win32
		{B01BE103-8D83-4929-9037-981721C2D283}.DebugGame|Windows.ActiveCfg = BuiltWithUnrealBuildTool|Win32
		{B01BE103-8D83-4929-9037-981721C2D283}.Development Editor|Windows.ActiveCfg = BuiltWithUnrealBuildTool|Win32
		{B01BE103-8D83-4929-9037-981721C2D283}.Development|Windows.ActiveCfg = BuiltWithUnrealBuildTool|Win32
		{B01BE103-8D83-4929-9037-981721C2D283}.Shipping|Windows.ActiveCfg = BuiltWithUnrealBuildTool|Win32
	EndGlobalSection
	GlobalSection(SolutionProperties) = preSolution
		HideSolutionNode = FALSE
	EndGlobalSection
	GlobalSection(NestedProjects) = preSolution
		{B2363869-C888-4FA8-AB59-67BE4878EE67} = {6E0DC3A8-ECE4-44A7-A6C3-4F2B83F8DE6A}
		{B01BE103-8D83-4929-9037-981721C2D283} = {F4966BA9-D8FD-4FCF-9B3A-EA654DCBA057}
	EndGlobalSection
EndGlobal
